
Microsoft Visual Studio Solution File, Format Version 12.00
# Visual Studio Version 17
VisualStudioVersion = 17.7.34031.279
MinimumVisualStudioVersion = 10.0.40219.1
Project("{FAE04EC0-301F-11D3-BF4B-00C04F79EFBC}") = "homework10 net", "homework10 net.csproj", "{0AD64B91-B9DD-4CF0-9698-8F3633159869}"
EndProject
Global
	GlobalSection(SolutionConfigurationPlatforms) = preSolution
		Debug|Any CPU = Debug|Any CPU
		Release|Any CPU = Release|Any CPU
	EndGlobalSection
	GlobalSection(ProjectConfigurationPlatforms) = postSolution
		{0AD64B91-B9DD-4CF0-9698-8F3633159869}.Debug|Any CPU.ActiveCfg = Debug|Any CPU
		{0AD64B91-B9DD-4CF0-9698-8F3633159869}.Debug|Any CPU.Build.0 = Debug|Any CPU
		{0AD64B91-B9DD-4CF0-9698-8F3633159869}.Release|Any CPU.ActiveCfg = Release|Any CPU
		{0AD64B91-B9DD-4CF0-9698-8F3633159869}.Release|Any CPU.Build.0 = Release|Any CPU
	EndGlobalSection
	GlobalSection(SolutionProperties) = preSolution
		HideSolutionNode = FALSE
	EndGlobalSection
	GlobalSection(ExtensibilityGlobals) = postSolution
		SolutionGuid = {8B9C1FA2-1570-4521-AD17-079EBE6336B8}
	EndGlobalSection
EndGlobal
